
Microsoft Visual Studio Solution File, Format Version 12.00
Project("{FAE04EC0-301F-11D3-BF4B-00C04F79EFBC}") = "vezbi", "vezbi\vezbi.csproj", "{036AAE15-8849-4393-B18B-6F7A3E72D913}"
EndProject
Global
	GlobalSection(SolutionConfigurationPlatforms) = preSolution
		Debug|Any CPU = Debug|Any CPU
		Release|Any CPU = Release|Any CPU
	EndGlobalSection
	GlobalSection(ProjectConfigurationPlatforms) = postSolution
		{036AAE15-8849-4393-B18B-6F7A3E72D913}.Debug|Any CPU.ActiveCfg = Debug|Any CPU
		{036AAE15-8849-4393-B18B-6F7A3E72D913}.Debug|Any CPU.Build.0 = Debug|Any CPU
		{036AAE15-8849-4393-B18B-6F7A3E72D913}.Release|Any CPU.ActiveCfg = Release|Any CPU
		{036AAE15-8849-4393-B18B-6F7A3E72D913}.Release|Any CPU.Build.0 = Release|Any CPU
	EndGlobalSection
EndGlobal
